
Microsoft Visual Studio Solution File, Format Version 12.00
# Visual Studio Version 16
VisualStudioVersion = 16.0.34301.259
MinimumVisualStudioVersion = 10.0.40219.1
Project("{FAE04EC0-301F-11D3-BF4B-00C04F79EFBC}") = "Mod6OperatorAssignment", "Mod6OperatorAssignment.csproj", "{62684EB8-DD27-482F-A989-D7088F1140DB}"
EndProject
Global
	GlobalSection(SolutionConfigurationPlatforms) = preSolution
		Debug|Any CPU = Debug|Any CPU
		Release|Any CPU = Release|Any CPU
	EndGlobalSection
	GlobalSection(ProjectConfigurationPlatforms) = postSolution
		{62684EB8-DD27-482F-A989-D7088F1140DB}.Debug|Any CPU.ActiveCfg = Debug|Any CPU
		{62684EB8-DD27-482F-A989-D7088F1140DB}.Debug|Any CPU.Build.0 = Debug|Any CPU
		{62684EB8-DD27-482F-A989-D7088F1140DB}.Release|Any CPU.ActiveCfg = Release|Any CPU
		{62684EB8-DD27-482F-A989-D7088F1140DB}.Release|Any CPU.Build.0 = Release|Any CPU
	EndGlobalSection
	GlobalSection(SolutionProperties) = preSolution
		HideSolutionNode = FALSE
	EndGlobalSection
	GlobalSection(ExtensibilityGlobals) = postSolution
		SolutionGuid = {1975CB14-1B70-44B2-BD07-FEAB4180C852}
	EndGlobalSection
EndGlobal
